
Microsoft Visual Studio Solution File, Format Version 12.00
# Visual Studio Version 17
VisualStudioVersion = 17.9.34723.18
MinimumVisualStudioVersion = 10.0.40219.1
Project("{8BC9CEB8-8B4A-11D0-8D11-00A0C91BC942}") = "QtWidgetsApplication1", "QtWidgetsApplication1\QtWidgetsApplication1.vcxproj", "{268C925C-71B6-426F-BDF0-69BF056FA8D7}"
EndProject
Global
	GlobalSection(SolutionConfigurationPlatforms) = preSolution
		Debug|x64 = Debug|x64
		Release|x64 = Release|x64
	EndGlobalSection
	GlobalSection(ProjectConfigurationPlatforms) = postSolution
		{268C925C-71B6-426F-BDF0-69BF056FA8D7}.Debug|x64.ActiveCfg = Debug|x64
		{268C925C-71B6-426F-BDF0-69BF056FA8D7}.Debug|x64.Build.0 = Debug|x64
		{268C925C-71B6-426F-BDF0-69BF056FA8D7}.Release|x64.ActiveCfg = Release|x64
		{268C925C-71B6-426F-BDF0-69BF056FA8D7}.Release|x64.Build.0 = Release|x64
	EndGlobalSection
	GlobalSection(SolutionProperties) = preSolution
		HideSolutionNode = FALSE
	EndGlobalSection
	GlobalSection(ExtensibilityGlobals) = postSolution
		SolutionGuid = {44E3AB0E-4FAA-42A1-AFE6-912D979735A8}
	EndGlobalSection
EndGlobal
